
Microsoft Visual Studio Solution File, Format Version 12.00
Project("{FAE04EC0-301F-11D3-BF4B-00C04F79EFBC}") = "EntryPoint", "EntryPoint\EntryPoint.csproj", "{FB0DD5CF-69E6-4E4E-B285-E9A7ED52CE71}"
EndProject
Project("{FAE04EC0-301F-11D3-BF4B-00C04F79EFBC}") = "Database", "Database\Database.csproj", "{B8B2BBA0-0605-4693-ACE2-563CA0744C10}"
EndProject
Global
	GlobalSection(SolutionConfigurationPlatforms) = preSolution
		Debug|Any CPU = Debug|Any CPU
		Release|Any CPU = Release|Any CPU
	EndGlobalSection
	GlobalSection(ProjectConfigurationPlatforms) = postSolution
		{FB0DD5CF-69E6-4E4E-B285-E9A7ED52CE71}.Debug|Any CPU.ActiveCfg = Debug|Any CPU
		{FB0DD5CF-69E6-4E4E-B285-E9A7ED52CE71}.Debug|Any CPU.Build.0 = Debug|Any CPU
		{FB0DD5CF-69E6-4E4E-B285-E9A7ED52CE71}.Release|Any CPU.ActiveCfg = Release|Any CPU
		{FB0DD5CF-69E6-4E4E-B285-E9A7ED52CE71}.Release|Any CPU.Build.0 = Release|Any CPU
		{B8B2BBA0-0605-4693-ACE2-563CA0744C10}.Debug|Any CPU.ActiveCfg = Debug|Any CPU
		{B8B2BBA0-0605-4693-ACE2-563CA0744C10}.Debug|Any CPU.Build.0 = Debug|Any CPU
		{B8B2BBA0-0605-4693-ACE2-563CA0744C10}.Release|Any CPU.ActiveCfg = Release|Any CPU
		{B8B2BBA0-0605-4693-ACE2-563CA0744C10}.Release|Any CPU.Build.0 = Release|Any CPU
	EndGlobalSection
EndGlobal
